// !$*UTF8*$!
{
	archiveVersion = 1;
	classes = {
	};
	objectVersion = 56;
	objects = {

/* Begin PBXBuildFile section */
		4E1860DE2A23B13600C8D215 /* MainVC.swift in Sources */ = {isa = PBXBuildFile; fileRef = 4E1860DD2A23B13600C8D215 /* MainVC.swift */; };
		4E1860E02A23B14300C8D215 /* MainVCPresenter.swift in Sources */ = {isa = PBXBuildFile; fileRef = 4E1860DF2A23B14300C8D215 /* MainVCPresenter.swift */; };
		4E1860E22A23B3CC00C8D215 /* Builder.swift in Sources */ = {isa = PBXBuildFile; fileRef = 4E1860E12A23B3CC00C8D215 /* Builder.swift */; };
		4E1860E62A23B6CA00C8D215 /* UIHelper.swift in Sources */ = {isa = PBXBuildFile; fileRef = 4E1860E52A23B6CA00C8D215 /* UIHelper.swift */; };
		4E1860E92A23B8F000C8D215 /* AmbiCell.swift in Sources */ = {isa = PBXBuildFile; fileRef = 4E1860E82A23B8F000C8D215 /* AmbiCell.swift */; };
		4E1860EB2A23BCDE00C8D215 /* Ambience.swift in Sources */ = {isa = PBXBuildFile; fileRef = 4E1860EA2A23BCDE00C8D215 /* Ambience.swift */; };
		4E1860EE2A23C03200C8D215 /* AmbienceManager.swift in Sources */ = {isa = PBXBuildFile; fileRef = 4E1860ED2A23C03200C8D215 /* AmbienceManager.swift */; };
		4E1860F02A23C3BA00C8D215 /* Constants.swift in Sources */ = {isa = PBXBuildFile; fileRef = 4E1860EF2A23C3BA00C8D215 /* Constants.swift */; };
		4E1860F32A23E0C600C8D215 /* SnapKit in Frameworks */ = {isa = PBXBuildFile; productRef = 4E1860F22A23E0C600C8D215 /* SnapKit */; };
		4E1860F52A24BFE900C8D215 /* Extensions.swift in Sources */ = {isa = PBXBuildFile; fileRef = 4E1860F42A24BFE900C8D215 /* Extensions.swift */; };
		4E4A04512A234CF700F6CD93 /* AppDelegate.swift in Sources */ = {isa = PBXBuildFile; fileRef = 4E4A04502A234CF700F6CD93 /* AppDelegate.swift */; };
		4E4A04532A234CF700F6CD93 /* SceneDelegate.swift in Sources */ = {isa = PBXBuildFile; fileRef = 4E4A04522A234CF700F6CD93 /* SceneDelegate.swift */; };
		4E4A045A2A234CF900F6CD93 /* Assets.xcassets in Resources */ = {isa = PBXBuildFile; fileRef = 4E4A04592A234CF900F6CD93 /* Assets.xcassets */; };
		4E4A045D2A234CF900F6CD93 /* LaunchScreen.storyboard in Resources */ = {isa = PBXBuildFile; fileRef = 4E4A045B2A234CF900F6CD93 /* LaunchScreen.storyboard */; };
		4E4A04682A234CF900F6CD93 /* AmbienceTests.swift in Sources */ = {isa = PBXBuildFile; fileRef = 4E4A04672A234CF900F6CD93 /* AmbienceTests.swift */; };
		4E4A04722A234CF900F6CD93 /* AmbienceUITests.swift in Sources */ = {isa = PBXBuildFile; fileRef = 4E4A04712A234CF900F6CD93 /* AmbienceUITests.swift */; };
		4E4A04742A234CF900F6CD93 /* AmbienceUITestsLaunchTests.swift in Sources */ = {isa = PBXBuildFile; fileRef = 4E4A04732A234CF900F6CD93 /* AmbienceUITestsLaunchTests.swift */; };
		4E4DCDED2A50BE9F00BFEC4E /* APICaller.swift in Sources */ = {isa = PBXBuildFile; fileRef = 4E4DCDEC2A50BE9F00BFEC4E /* APICaller.swift */; };
		4E4DCDEF2A50C30A00BFEC4E /* SearchResult.swift in Sources */ = {isa = PBXBuildFile; fileRef = 4E4DCDEE2A50C30A00BFEC4E /* SearchResult.swift */; };
		4E68C3562A35176B00704A3F /* UnsplashPhotoPicker in Frameworks */ = {isa = PBXBuildFile; productRef = 4E68C3552A35176B00704A3F /* UnsplashPhotoPicker */; };
		4E8776EE2A26FA5F004E3AF9 /* AmbiVC.swift in Sources */ = {isa = PBXBuildFile; fileRef = 4E8776ED2A26FA5F004E3AF9 /* AmbiVC.swift */; };
		4E8776F02A26FA6E004E3AF9 /* AmbiPresenter.swift in Sources */ = {isa = PBXBuildFile; fileRef = 4E8776EF2A26FA6E004E3AF9 /* AmbiPresenter.swift */; };
		4EB87DB32A4F6FA40064C2EE /* ImageClient.swift in Sources */ = {isa = PBXBuildFile; fileRef = 4EB87DB22A4F6FA40064C2EE /* ImageClient.swift */; };
		4EB87DB52A4F6FCA0064C2EE /* ImageRequest.swift in Sources */ = {isa = PBXBuildFile; fileRef = 4EB87DB42A4F6FCA0064C2EE /* ImageRequest.swift */; };
		4ECFE9E12A322FFB0025C446 /* BlueForestAmbi.mp3 in Resources */ = {isa = PBXBuildFile; fileRef = 4ECFE9E02A322FFB0025C446 /* BlueForestAmbi.mp3 */; };
		4ECFE9E32A3230120025C446 /* CalmUnderwaterAmbi.mp3 in Resources */ = {isa = PBXBuildFile; fileRef = 4ECFE9E22A3230120025C446 /* CalmUnderwaterAmbi.mp3 */; };
		4ECFE9E52A3230310025C446 /* MagicAmbi.mp3 in Resources */ = {isa = PBXBuildFile; fileRef = 4ECFE9E42A3230310025C446 /* MagicAmbi.mp3 */; };
		4ECFE9E72A3232D00025C446 /* PeacefullNightAmbi.mp3 in Resources */ = {isa = PBXBuildFile; fileRef = 4ECFE9E62A3232D00025C446 /* PeacefullNightAmbi.mp3 */; };
		4ECFE9E92A3232DA0025C446 /* SeaWavesAmbi.mp3 in Resources */ = {isa = PBXBuildFile; fileRef = 4ECFE9E82A3232DA0025C446 /* SeaWavesAmbi.mp3 */; };
		4ECFE9ED2A3233BB0025C446 /* SilentWinterAmbi.mp3 in Resources */ = {isa = PBXBuildFile; fileRef = 4ECFE9EC2A3233BB0025C446 /* SilentWinterAmbi.mp3 */; };
		4ECFE9F12A32357D0025C446 /* UrbanCityAmbi.mp3 in Resources */ = {isa = PBXBuildFile; fileRef = 4ECFE9F02A32357C0025C446 /* UrbanCityAmbi.mp3 */; };
		4ECFE9F32A32358E0025C446 /* WarmCampfireAmbi.mp3 in Resources */ = {isa = PBXBuildFile; fileRef = 4ECFE9F22A32358E0025C446 /* WarmCampfireAmbi.mp3 */; };
		4EFF69C62A39B6ED0027ED54 /* UnImage.swift in Sources */ = {isa = PBXBuildFile; fileRef = 4EFF69C52A39B6ED0027ED54 /* UnImage.swift */; };
		4EFF69C92A3A05DB0027ED54 /* DataRequest.swift in Sources */ = {isa = PBXBuildFile; fileRef = 4EFF69C82A3A05DB0027ED54 /* DataRequest.swift */; };
		4EFF69CB2A3A06230027ED54 /* NetworkService.swift in Sources */ = {isa = PBXBuildFile; fileRef = 4EFF69CA2A3A06230027ED54 /* NetworkService.swift */; };
		4EFF69CD2A3A06440027ED54 /* ErrorResponse.swift in Sources */ = {isa = PBXBuildFile; fileRef = 4EFF69CC2A3A06440027ED54 /* ErrorResponse.swift */; };
		E5055E772AA385FA00651504 /* WhatsNewPack in Frameworks */ = {isa = PBXBuildFile; productRef = E5055E762AA385FA00651504 /* WhatsNewPack */; };
		E5055E7C2AA3884E00651504 /* WhatsNewView.swift in Sources */ = {isa = PBXBuildFile; fileRef = E5055E7B2AA3884E00651504 /* WhatsNewView.swift */; };
		E5055E7E2AA38B4000651504 /* New.json in Resources */ = {isa = PBXBuildFile; fileRef = E5055E7D2AA38B4000651504 /* New.json */; };
/* End PBXBuildFile section */

/* Begin PBXContainerItemProxy section */
		4E4A04642A234CF900F6CD93 /* PBXContainerItemProxy */ = {
			isa = PBXContainerItemProxy;
			containerPortal = 4E4A04452A234CF700F6CD93 /* Project object */;
			proxyType = 1;
			remoteGlobalIDString = 4E4A044C2A234CF700F6CD93;
			remoteInfo = Ambience;
		};
		4E4A046E2A234CF900F6CD93 /* PBXContainerItemProxy */ = {
			isa = PBXContainerItemProxy;
			containerPortal = 4E4A04452A234CF700F6CD93 /* Project object */;
			proxyType = 1;
			remoteGlobalIDString = 4E4A044C2A234CF700F6CD93;
			remoteInfo = Ambience;
		};
/* End PBXContainerItemProxy section */

/* Begin PBXFileReference section */
		4E1860DD2A23B13600C8D215 /* MainVC.swift */ = {isa = PBXFileReference; lastKnownFileType = sourcecode.swift; path = MainVC.swift; sourceTree = "<group>"; };
		4E1860DF2A23B14300C8D215 /* MainVCPresenter.swift */ = {isa = PBXFileReference; lastKnownFileType = sourcecode.swift; path = MainVCPresenter.swift; sourceTree = "<group>"; };
		4E1860E12A23B3CC00C8D215 /* Builder.swift */ = {isa = PBXFileReference; lastKnownFileType = sourcecode.swift; path = Builder.swift; sourceTree = "<group>"; };
		4E1860E52A23B6CA00C8D215 /* UIHelper.swift */ = {isa = PBXFileReference; lastKnownFileType = sourcecode.swift; path = UIHelper.swift; sourceTree = "<group>"; };
		4E1860E82A23B8F000C8D215 /* AmbiCell.swift */ = {isa = PBXFileReference; lastKnownFileType = sourcecode.swift; path = AmbiCell.swift; sourceTree = "<group>"; };
		4E1860EA2A23BCDE00C8D215 /* Ambience.swift */ = {isa = PBXFileReference; lastKnownFileType = sourcecode.swift; path = Ambience.swift; sourceTree = "<group>"; };
		4E1860ED2A23C03200C8D215 /* AmbienceManager.swift */ = {isa = PBXFileReference; lastKnownFileType = sourcecode.swift; path = AmbienceManager.swift; sourceTree = "<group>"; };
		4E1860EF2A23C3BA00C8D215 /* Constants.swift */ = {isa = PBXFileReference; lastKnownFileType = sourcecode.swift; path = Constants.swift; sourceTree = "<group>"; };
		4E1860F42A24BFE900C8D215 /* Extensions.swift */ = {isa = PBXFileReference; lastKnownFileType = sourcecode.swift; path = Extensions.swift; sourceTree = "<group>"; };
		4E4A044D2A234CF700F6CD93 /* Ambience.app */ = {isa = PBXFileReference; explicitFileType = wrapper.application; includeInIndex = 0; path = Ambience.app; sourceTree = BUILT_PRODUCTS_DIR; };
		4E4A04502A234CF700F6CD93 /* AppDelegate.swift */ = {isa = PBXFileReference; lastKnownFileType = sourcecode.swift; path = AppDelegate.swift; sourceTree = "<group>"; };
		4E4A04522A234CF700F6CD93 /* SceneDelegate.swift */ = {isa = PBXFileReference; lastKnownFileType = sourcecode.swift; path = SceneDelegate.swift; sourceTree = "<group>"; };
		4E4A04592A234CF900F6CD93 /* Assets.xcassets */ = {isa = PBXFileReference; lastKnownFileType = folder.assetcatalog; path = Assets.xcassets; sourceTree = "<group>"; };
		4E4A045C2A234CF900F6CD93 /* Base */ = {isa = PBXFileReference; lastKnownFileType = file.storyboard; name = Base; path = Base.lproj/LaunchScreen.storyboard; sourceTree = "<group>"; };
		4E4A045E2A234CF900F6CD93 /* Info.plist */ = {isa = PBXFileReference; lastKnownFileType = text.plist.xml; path = Info.plist; sourceTree = "<group>"; };
		4E4A04632A234CF900F6CD93 /* AmbienceTests.xctest */ = {isa = PBXFileReference; explicitFileType = wrapper.cfbundle; includeInIndex = 0; path = AmbienceTests.xctest; sourceTree = BUILT_PRODUCTS_DIR; };
		4E4A04672A234CF900F6CD93 /* AmbienceTests.swift */ = {isa = PBXFileReference; lastKnownFileType = sourcecode.swift; path = AmbienceTests.swift; sourceTree = "<group>"; };
		4E4A046D2A234CF900F6CD93 /* AmbienceUITests.xctest */ = {isa = PBXFileReference; explicitFileType = wrapper.cfbundle; includeInIndex = 0; path = AmbienceUITests.xctest; sourceTree = BUILT_PRODUCTS_DIR; };
		4E4A04712A234CF900F6CD93 /* AmbienceUITests.swift */ = {isa = PBXFileReference; lastKnownFileType = sourcecode.swift; path = AmbienceUITests.swift; sourceTree = "<group>"; };
		4E4A04732A234CF900F6CD93 /* AmbienceUITestsLaunchTests.swift */ = {isa = PBXFileReference; lastKnownFileType = sourcecode.swift; path = AmbienceUITestsLaunchTests.swift; sourceTree = "<group>"; };
		4E4DCDEC2A50BE9F00BFEC4E /* APICaller.swift */ = {isa = PBXFileReference; lastKnownFileType = sourcecode.swift; path = APICaller.swift; sourceTree = "<group>"; };
		4E4DCDEE2A50C30A00BFEC4E /* SearchResult.swift */ = {isa = PBXFileReference; lastKnownFileType = sourcecode.swift; path = SearchResult.swift; sourceTree = "<group>"; };
		4E8776ED2A26FA5F004E3AF9 /* AmbiVC.swift */ = {isa = PBXFileReference; lastKnownFileType = sourcecode.swift; path = AmbiVC.swift; sourceTree = "<group>"; };
		4E8776EF2A26FA6E004E3AF9 /* AmbiPresenter.swift */ = {isa = PBXFileReference; lastKnownFileType = sourcecode.swift; path = AmbiPresenter.swift; sourceTree = "<group>"; };
		4EB87DB22A4F6FA40064C2EE /* ImageClient.swift */ = {isa = PBXFileReference; lastKnownFileType = sourcecode.swift; path = ImageClient.swift; sourceTree = "<group>"; };
		4EB87DB42A4F6FCA0064C2EE /* ImageRequest.swift */ = {isa = PBXFileReference; lastKnownFileType = sourcecode.swift; path = ImageRequest.swift; sourceTree = "<group>"; };
		4ECFE9E02A322FFB0025C446 /* BlueForestAmbi.mp3 */ = {isa = PBXFileReference; lastKnownFileType = audio.mp3; path = BlueForestAmbi.mp3; sourceTree = "<group>"; };
		4ECFE9E22A3230120025C446 /* CalmUnderwaterAmbi.mp3 */ = {isa = PBXFileReference; lastKnownFileType = audio.mp3; path = CalmUnderwaterAmbi.mp3; sourceTree = "<group>"; };
		4ECFE9E42A3230310025C446 /* MagicAmbi.mp3 */ = {isa = PBXFileReference; lastKnownFileType = audio.mp3; path = MagicAmbi.mp3; sourceTree = "<group>"; };
		4ECFE9E62A3232D00025C446 /* PeacefullNightAmbi.mp3 */ = {isa = PBXFileReference; lastKnownFileType = audio.mp3; path = PeacefullNightAmbi.mp3; sourceTree = "<group>"; };
		4ECFE9E82A3232DA0025C446 /* SeaWavesAmbi.mp3 */ = {isa = PBXFileReference; lastKnownFileType = audio.mp3; path = SeaWavesAmbi.mp3; sourceTree = "<group>"; };
		4ECFE9EC2A3233BB0025C446 /* SilentWinterAmbi.mp3 */ = {isa = PBXFileReference; lastKnownFileType = audio.mp3; path = SilentWinterAmbi.mp3; sourceTree = "<group>"; };
		4ECFE9F02A32357C0025C446 /* UrbanCityAmbi.mp3 */ = {isa = PBXFileReference; lastKnownFileType = audio.mp3; path = UrbanCityAmbi.mp3; sourceTree = "<group>"; };
		4ECFE9F22A32358E0025C446 /* WarmCampfireAmbi.mp3 */ = {isa = PBXFileReference; lastKnownFileType = audio.mp3; path = WarmCampfireAmbi.mp3; sourceTree = "<group>"; };
		4EFF69C52A39B6ED0027ED54 /* UnImage.swift */ = {isa = PBXFileReference; lastKnownFileType = sourcecode.swift; path = UnImage.swift; sourceTree = "<group>"; };
		4EFF69C82A3A05DB0027ED54 /* DataRequest.swift */ = {isa = PBXFileReference; lastKnownFileType = sourcecode.swift; path = DataRequest.swift; sourceTree = "<group>"; };
		4EFF69CA2A3A06230027ED54 /* NetworkService.swift */ = {isa = PBXFileReference; lastKnownFileType = sourcecode.swift; path = NetworkService.swift; sourceTree = "<group>"; };
		4EFF69CC2A3A06440027ED54 /* ErrorResponse.swift */ = {isa = PBXFileReference; lastKnownFileType = sourcecode.swift; path = ErrorResponse.swift; sourceTree = "<group>"; };
		E5055E7B2AA3884E00651504 /* WhatsNewView.swift */ = {isa = PBXFileReference; lastKnownFileType = sourcecode.swift; path = WhatsNewView.swift; sourceTree = "<group>"; };
		E5055E7D2AA38B4000651504 /* New.json */ = {isa = PBXFileReference; lastKnownFileType = text.json; path = New.json; sourceTree = "<group>"; };
/* End PBXFileReference section */

/* Begin PBXFrameworksBuildPhase section */
		4E4A044A2A234CF700F6CD93 /* Frameworks */ = {
			isa = PBXFrameworksBuildPhase;
			buildActionMask = 2147483647;
			files = (
				E5055E772AA385FA00651504 /* WhatsNewPack in Frameworks */,
				4E1860F32A23E0C600C8D215 /* SnapKit in Frameworks */,
				4E68C3562A35176B00704A3F /* UnsplashPhotoPicker in Frameworks */,
			);
			runOnlyForDeploymentPostprocessing = 0;
		};
		4E4A04602A234CF900F6CD93 /* Frameworks */ = {
			isa = PBXFrameworksBuildPhase;
			buildActionMask = 2147483647;
			files = (
			);
			runOnlyForDeploymentPostprocessing = 0;
		};
		4E4A046A2A234CF900F6CD93 /* Frameworks */ = {
			isa = PBXFrameworksBuildPhase;
			buildActionMask = 2147483647;
			files = (
			);
			runOnlyForDeploymentPostprocessing = 0;
		};
/* End PBXFrameworksBuildPhase section */

/* Begin PBXGroup section */
		4E1860D32A23AF9F00C8D215 /* Business logic layer */ = {
			isa = PBXGroup;
			children = (
				4E1860EC2A23C00600C8D215 /* Managers */,
				4E1860E42A23B6B600C8D215 /* UIHelper */,
				4E1860DB2A23B11F00C8D215 /* Model */,
			);
			name = "Business logic layer";
			sourceTree = "<group>";
		};
		4E1860D82A23B08000C8D215 /* Presentation layer */ = {
			isa = PBXGroup;
			children = (
				4E1860D92A23B10500C8D215 /* Views */,
				4E1860DA2A23B11200C8D215 /* Subviews */,
			);
			name = "Presentation layer";
			sourceTree = "<group>";
		};
		4E1860D92A23B10500C8D215 /* Views */ = {
			isa = PBXGroup;
			children = (
				E5055E7A2AA3883A00651504 /* WhatsNew */,
				4E8776EC2A26FA37004E3AF9 /* AmbiVC */,
				4E1860DC2A23B12800C8D215 /* MainVC */,
			);
			name = Views;
			sourceTree = "<group>";
		};
		4E1860DA2A23B11200C8D215 /* Subviews */ = {
			isa = PBXGroup;
			children = (
				4E1860E82A23B8F000C8D215 /* AmbiCell.swift */,
			);
			name = Subviews;
			sourceTree = "<group>";
		};
		4E1860DB2A23B11F00C8D215 /* Model */ = {
			isa = PBXGroup;
			children = (
				4EFF69C32A39B69A0027ED54 /* Unsplash */,
				4ECFE9D62A322F950025C446 /* Sounds */,
				4EFF69C42A39B6AB0027ED54 /* Ambience */,
			);
			name = Model;
			sourceTree = "<group>";
		};
		4E1860DC2A23B12800C8D215 /* MainVC */ = {
			isa = PBXGroup;
			children = (
				4E1860DD2A23B13600C8D215 /* MainVC.swift */,
				4E1860DF2A23B14300C8D215 /* MainVCPresenter.swift */,
				E5055E7D2AA38B4000651504 /* New.json */,
			);
			name = MainVC;
			sourceTree = "<group>";
		};
		4E1860E42A23B6B600C8D215 /* UIHelper */ = {
			isa = PBXGroup;
			children = (
				4E1860E52A23B6CA00C8D215 /* UIHelper.swift */,
				4E1860F42A24BFE900C8D215 /* Extensions.swift */,
				4E1860EF2A23C3BA00C8D215 /* Constants.swift */,
			);
			name = UIHelper;
			sourceTree = "<group>";
		};
		4E1860EC2A23C00600C8D215 /* Managers */ = {
			isa = PBXGroup;
			children = (
				4E1860ED2A23C03200C8D215 /* AmbienceManager.swift */,
			);
			name = Managers;
			sourceTree = "<group>";
		};
		4E20278C2A23968300FD6C4D /* Plist */ = {
			isa = PBXGroup;
			children = (
				4E4A045E2A234CF900F6CD93 /* Info.plist */,
			);
			name = Plist;
			path = Ambience;
			sourceTree = "<group>";
		};
		4E20278D2A23969900FD6C4D /* Support */ = {
			isa = PBXGroup;
			children = (
				4E4A045B2A234CF900F6CD93 /* LaunchScreen.storyboard */,
				4E4A04502A234CF700F6CD93 /* AppDelegate.swift */,
				4E1860E12A23B3CC00C8D215 /* Builder.swift */,
				4E4A04522A234CF700F6CD93 /* SceneDelegate.swift */,
				4E4A04592A234CF900F6CD93 /* Assets.xcassets */,
			);
			name = Support;
			sourceTree = "<group>";
		};
		4E4A04442A234CF700F6CD93 = {
			isa = PBXGroup;
			children = (
				4E4A044F2A234CF700F6CD93 /* Ambience */,
				4E20278C2A23968300FD6C4D /* Plist */,
				4E4A04662A234CF900F6CD93 /* AmbienceTests */,
				4E4A04702A234CF900F6CD93 /* AmbienceUITests */,
				4E4A044E2A234CF700F6CD93 /* Products */,
			);
			sourceTree = "<group>";
		};
		4E4A044E2A234CF700F6CD93 /* Products */ = {
			isa = PBXGroup;
			children = (
				4E4A044D2A234CF700F6CD93 /* Ambience.app */,
				4E4A04632A234CF900F6CD93 /* AmbienceTests.xctest */,
				4E4A046D2A234CF900F6CD93 /* AmbienceUITests.xctest */,
			);
			name = Products;
			sourceTree = "<group>";
		};
		4E4A044F2A234CF700F6CD93 /* Ambience */ = {
			isa = PBXGroup;
			children = (
				4E1860D82A23B08000C8D215 /* Presentation layer */,
				4E1860D32A23AF9F00C8D215 /* Business logic layer */,
				4EFF69C72A3A05C80027ED54 /* Network layer */,
				4EB87DB62A4F70190064C2EE /* Transportation layer */,
				4E20278D2A23969900FD6C4D /* Support */,
			);
			path = Ambience;
			sourceTree = "<group>";
		};
		4E4A04662A234CF900F6CD93 /* AmbienceTests */ = {
			isa = PBXGroup;
			children = (
				4E4A04672A234CF900F6CD93 /* AmbienceTests.swift */,
			);
			path = AmbienceTests;
			sourceTree = "<group>";
		};
		4E4A04702A234CF900F6CD93 /* AmbienceUITests */ = {
			isa = PBXGroup;
			children = (
				4E4A04712A234CF900F6CD93 /* AmbienceUITests.swift */,
				4E4A04732A234CF900F6CD93 /* AmbienceUITestsLaunchTests.swift */,
			);
			path = AmbienceUITests;
			sourceTree = "<group>";
		};
		4E8776EC2A26FA37004E3AF9 /* AmbiVC */ = {
			isa = PBXGroup;
			children = (
				4E8776ED2A26FA5F004E3AF9 /* AmbiVC.swift */,
				4E8776EF2A26FA6E004E3AF9 /* AmbiPresenter.swift */,
			);
			name = AmbiVC;
			sourceTree = "<group>";
		};
		4EB87DB62A4F70190064C2EE /* Transportation layer */ = {
			isa = PBXGroup;
			children = (
				4EB87DB42A4F6FCA0064C2EE /* ImageRequest.swift */,
				4E4DCDEC2A50BE9F00BFEC4E /* APICaller.swift */,
			);
			name = "Transportation layer";
			sourceTree = "<group>";
		};
		4ECFE9D62A322F950025C446 /* Sounds */ = {
			isa = PBXGroup;
			children = (
				4ECFE9DF2A322FEB0025C446 /* WarmCampfire */,
				4ECFE9DE2A322FE40025C446 /* UrbanCity */,
				4ECFE9DD2A322FDC0025C446 /* SilentWinter */,
				4ECFE9DC2A322FD50025C446 /* SeaWaves */,
				4ECFE9DB2A322FCD0025C446 /* PeacefullNight */,
				4ECFE9DA2A322FC70025C446 /* Magic */,
				4ECFE9D92A322FAE0025C446 /* HighestMount */,
				4ECFE9D82A322FA70025C446 /* CalmUnder */,
				4ECFE9D72A322F9F0025C446 /* BlueForest */,
			);
			name = Sounds;
			sourceTree = "<group>";
		};
		4ECFE9D72A322F9F0025C446 /* BlueForest */ = {
			isa = PBXGroup;
			children = (
				4ECFE9E02A322FFB0025C446 /* BlueForestAmbi.mp3 */,
			);
			name = BlueForest;
			sourceTree = "<group>";
		};
		4ECFE9D82A322FA70025C446 /* CalmUnder */ = {
			isa = PBXGroup;
			children = (
				4ECFE9E22A3230120025C446 /* CalmUnderwaterAmbi.mp3 */,
			);
			name = CalmUnder;
			sourceTree = "<group>";
		};
		4ECFE9D92A322FAE0025C446 /* HighestMount */ = {
			isa = PBXGroup;
			children = (
			);
			name = HighestMount;
			sourceTree = "<group>";
		};
		4ECFE9DA2A322FC70025C446 /* Magic */ = {
			isa = PBXGroup;
			children = (
				4ECFE9E42A3230310025C446 /* MagicAmbi.mp3 */,
			);
			name = Magic;
			sourceTree = "<group>";
		};
		4ECFE9DB2A322FCD0025C446 /* PeacefullNight */ = {
			isa = PBXGroup;
			children = (
				4ECFE9E62A3232D00025C446 /* PeacefullNightAmbi.mp3 */,
			);
			name = PeacefullNight;
			sourceTree = "<group>";
		};
		4ECFE9DC2A322FD50025C446 /* SeaWaves */ = {
			isa = PBXGroup;
			children = (
				4ECFE9E82A3232DA0025C446 /* SeaWavesAmbi.mp3 */,
			);
			name = SeaWaves;
			sourceTree = "<group>";
		};
		4ECFE9DD2A322FDC0025C446 /* SilentWinter */ = {
			isa = PBXGroup;
			children = (
				4ECFE9EC2A3233BB0025C446 /* SilentWinterAmbi.mp3 */,
			);
			name = SilentWinter;
			sourceTree = "<group>";
		};
		4ECFE9DE2A322FE40025C446 /* UrbanCity */ = {
			isa = PBXGroup;
			children = (
				4ECFE9F02A32357C0025C446 /* UrbanCityAmbi.mp3 */,
			);
			name = UrbanCity;
			sourceTree = "<group>";
		};
		4ECFE9DF2A322FEB0025C446 /* WarmCampfire */ = {
			isa = PBXGroup;
			children = (
				4ECFE9F22A32358E0025C446 /* WarmCampfireAmbi.mp3 */,
			);
			name = WarmCampfire;
			sourceTree = "<group>";
		};
		4EFF69C32A39B69A0027ED54 /* Unsplash */ = {
			isa = PBXGroup;
			children = (
				4EFF69C52A39B6ED0027ED54 /* UnImage.swift */,
				4E4DCDEE2A50C30A00BFEC4E /* SearchResult.swift */,
			);
			name = Unsplash;
			sourceTree = "<group>";
		};
		4EFF69C42A39B6AB0027ED54 /* Ambience */ = {
			isa = PBXGroup;
			children = (
				4E1860EA2A23BCDE00C8D215 /* Ambience.swift */,
			);
			name = Ambience;
			sourceTree = "<group>";
		};
		4EFF69C72A3A05C80027ED54 /* Network layer */ = {
			isa = PBXGroup;
			children = (
				4EFF69C82A3A05DB0027ED54 /* DataRequest.swift */,
				4EFF69CA2A3A06230027ED54 /* NetworkService.swift */,
				4EFF69CC2A3A06440027ED54 /* ErrorResponse.swift */,
				4EB87DB22A4F6FA40064C2EE /* ImageClient.swift */,
			);
			name = "Network layer";
			sourceTree = "<group>";
		};
		E5055E7A2AA3883A00651504 /* WhatsNew */ = {
			isa = PBXGroup;
			children = (
				E5055E7B2AA3884E00651504 /* WhatsNewView.swift */,
			);
			name = WhatsNew;
			sourceTree = "<group>";
		};
/* End PBXGroup section */

/* Begin PBXNativeTarget section */
		4E4A044C2A234CF700F6CD93 /* Ambience */ = {
			isa = PBXNativeTarget;
			buildConfigurationList = 4E4A04772A234CF900F6CD93 /* Build configuration list for PBXNativeTarget "Ambience" */;
			buildPhases = (
				4E4A04492A234CF700F6CD93 /* Sources */,
				4E4A044A2A234CF700F6CD93 /* Frameworks */,
				4E4A044B2A234CF700F6CD93 /* Resources */,
				E55069822AB8D64E005E7C94 /* ShellScript */,
			);
			buildRules = (
			);
			dependencies = (
			);
			name = Ambience;
			packageProductDependencies = (
				4E1860F22A23E0C600C8D215 /* SnapKit */,
				4E68C3552A35176B00704A3F /* UnsplashPhotoPicker */,
				E5055E762AA385FA00651504 /* WhatsNewPack */,
			);
			productName = Ambience;
			productReference = 4E4A044D2A234CF700F6CD93 /* Ambience.app */;
			productType = "com.apple.product-type.application";
		};
		4E4A04622A234CF900F6CD93 /* AmbienceTests */ = {
			isa = PBXNativeTarget;
			buildConfigurationList = 4E4A047A2A234CF900F6CD93 /* Build configuration list for PBXNativeTarget "AmbienceTests" */;
			buildPhases = (
				4E4A045F2A234CF900F6CD93 /* Sources */,
				4E4A04602A234CF900F6CD93 /* Frameworks */,
				4E4A04612A234CF900F6CD93 /* Resources */,
			);
			buildRules = (
			);
			dependencies = (
				4E4A04652A234CF900F6CD93 /* PBXTargetDependency */,
			);
			name = AmbienceTests;
			productName = AmbienceTests;
			productReference = 4E4A04632A234CF900F6CD93 /* AmbienceTests.xctest */;
			productType = "com.apple.product-type.bundle.unit-test";
		};
		4E4A046C2A234CF900F6CD93 /* AmbienceUITests */ = {
			isa = PBXNativeTarget;
			buildConfigurationList = 4E4A047D2A234CF900F6CD93 /* Build configuration list for PBXNativeTarget "AmbienceUITests" */;
			buildPhases = (
				4E4A04692A234CF900F6CD93 /* Sources */,
				4E4A046A2A234CF900F6CD93 /* Frameworks */,
				4E4A046B2A234CF900F6CD93 /* Resources */,
			);
			buildRules = (
			);
			dependencies = (
				4E4A046F2A234CF900F6CD93 /* PBXTargetDependency */,
			);
			name = AmbienceUITests;
			productName = AmbienceUITests;
			productReference = 4E4A046D2A234CF900F6CD93 /* AmbienceUITests.xctest */;
			productType = "com.apple.product-type.bundle.ui-testing";
		};
/* End PBXNativeTarget section */

/* Begin PBXProject section */
		4E4A04452A234CF700F6CD93 /* Project object */ = {
			isa = PBXProject;
			attributes = {
				BuildIndependentTargetsInParallel = 1;
				LastSwiftUpdateCheck = 1420;
				LastUpgradeCheck = 1420;
				TargetAttributes = {
					4E4A044C2A234CF700F6CD93 = {
						CreatedOnToolsVersion = 14.2;
					};
					4E4A04622A234CF900F6CD93 = {
						CreatedOnToolsVersion = 14.2;
						TestTargetID = 4E4A044C2A234CF700F6CD93;
					};
					4E4A046C2A234CF900F6CD93 = {
						CreatedOnToolsVersion = 14.2;
						TestTargetID = 4E4A044C2A234CF700F6CD93;
					};
				};
			};
			buildConfigurationList = 4E4A04482A234CF700F6CD93 /* Build configuration list for PBXProject "Ambience" */;
			compatibilityVersion = "Xcode 14.0";
			developmentRegion = en;
			hasScannedForEncodings = 0;
			knownRegions = (
				en,
				Base,
			);
			mainGroup = 4E4A04442A234CF700F6CD93;
			packageReferences = (
				4E1860F12A23E0C600C8D215 /* XCRemoteSwiftPackageReference "SnapKit" */,
				4E68C3542A35176B00704A3F /* XCRemoteSwiftPackageReference "unsplash-photopicker-ios" */,
				E5055E752AA385FA00651504 /* XCRemoteSwiftPackageReference "WhatsNewPack" */,
			);
			productRefGroup = 4E4A044E2A234CF700F6CD93 /* Products */;
			projectDirPath = "";
			projectRoot = "";
			targets = (
				4E4A044C2A234CF700F6CD93 /* Ambience */,
				4E4A04622A234CF900F6CD93 /* AmbienceTests */,
				4E4A046C2A234CF900F6CD93 /* AmbienceUITests */,
			);
		};
/* End PBXProject section */

/* Begin PBXResourcesBuildPhase section */
		4E4A044B2A234CF700F6CD93 /* Resources */ = {
			isa = PBXResourcesBuildPhase;
			buildActionMask = 2147483647;
			files = (
				4ECFE9E72A3232D00025C446 /* PeacefullNightAmbi.mp3 in Resources */,
				4ECFE9E12A322FFB0025C446 /* BlueForestAmbi.mp3 in Resources */,
				E5055E7E2AA38B4000651504 /* New.json in Resources */,
				4E4A045D2A234CF900F6CD93 /* LaunchScreen.storyboard in Resources */,
				4ECFE9F32A32358E0025C446 /* WarmCampfireAmbi.mp3 in Resources */,
				4ECFE9ED2A3233BB0025C446 /* SilentWinterAmbi.mp3 in Resources */,
				4ECFE9E52A3230310025C446 /* MagicAmbi.mp3 in Resources */,
				4ECFE9E92A3232DA0025C446 /* SeaWavesAmbi.mp3 in Resources */,
				4E4A045A2A234CF900F6CD93 /* Assets.xcassets in Resources */,
				4ECFE9F12A32357D0025C446 /* UrbanCityAmbi.mp3 in Resources */,
				4ECFE9E32A3230120025C446 /* CalmUnderwaterAmbi.mp3 in Resources */,
			);
			runOnlyForDeploymentPostprocessing = 0;
		};
		4E4A04612A234CF900F6CD93 /* Resources */ = {
			isa = PBXResourcesBuildPhase;
			buildActionMask = 2147483647;
			files = (
			);
			runOnlyForDeploymentPostprocessing = 0;
		};
		4E4A046B2A234CF900F6CD93 /* Resources */ = {
			isa = PBXResourcesBuildPhase;
			buildActionMask = 2147483647;
			files = (
			);
			runOnlyForDeploymentPostprocessing = 0;
		};
/* End PBXResourcesBuildPhase section */

/* Begin PBXShellScriptBuildPhase section */
		E55069822AB8D64E005E7C94 /* ShellScript */ = {
			isa = PBXShellScriptBuildPhase;
			buildActionMask = 2147483647;
			files = (
			);
			inputFileListPaths = (
			);
			inputPaths = (
			);
			outputFileListPaths = (
			);
			outputPaths = (
			);
			runOnlyForDeploymentPostprocessing = 0;
			shellPath = /bin/sh;
			shellScript = "if [[ \"$(uname -m)\" == arm64 ]]; then\n    export PATH=\"/opt/homebrew/bin:$PATH\"\nfi\n\nif which swiftlint > /dev/null; then\n  swiftlint\nelse\n  echo \"warning: SwiftLint not installed, download from https://github.com/realm/SwiftLint\"\nfi\n";
		};
/* End PBXShellScriptBuildPhase section */

/* Begin PBXSourcesBuildPhase section */
		4E4A04492A234CF700F6CD93 /* Sources */ = {
			isa = PBXSourcesBuildPhase;
			buildActionMask = 2147483647;
			files = (
				4E4A04512A234CF700F6CD93 /* AppDelegate.swift in Sources */,
				4E4DCDEF2A50C30A00BFEC4E /* SearchResult.swift in Sources */,
				4E1860DE2A23B13600C8D215 /* MainVC.swift in Sources */,
				4E1860E02A23B14300C8D215 /* MainVCPresenter.swift in Sources */,
				4EB87DB32A4F6FA40064C2EE /* ImageClient.swift in Sources */,
				4E1860F52A24BFE900C8D215 /* Extensions.swift in Sources */,
				4E4A04532A234CF700F6CD93 /* SceneDelegate.swift in Sources */,
				4E1860EE2A23C03200C8D215 /* AmbienceManager.swift in Sources */,
				E5055E7C2AA3884E00651504 /* WhatsNewView.swift in Sources */,
				4EFF69C92A3A05DB0027ED54 /* DataRequest.swift in Sources */,
				4EB87DB52A4F6FCA0064C2EE /* ImageRequest.swift in Sources */,
				4E4DCDED2A50BE9F00BFEC4E /* APICaller.swift in Sources */,
				4EFF69CD2A3A06440027ED54 /* ErrorResponse.swift in Sources */,
				4EFF69C62A39B6ED0027ED54 /* UnImage.swift in Sources */,
				4E1860F02A23C3BA00C8D215 /* Constants.swift in Sources */,
				4E1860E62A23B6CA00C8D215 /* UIHelper.swift in Sources */,
				4EFF69CB2A3A06230027ED54 /* NetworkService.swift in Sources */,
				4E8776F02A26FA6E004E3AF9 /* AmbiPresenter.swift in Sources */,
				4E1860EB2A23BCDE00C8D215 /* Ambience.swift in Sources */,
				4E8776EE2A26FA5F004E3AF9 /* AmbiVC.swift in Sources */,
				4E1860E92A23B8F000C8D215 /* AmbiCell.swift in Sources */,
				4E1860E22A23B3CC00C8D215 /* Builder.swift in Sources */,
			);
			runOnlyForDeploymentPostprocessing = 0;
		};
		4E4A045F2A234CF900F6CD93 /* Sources */ = {
			isa = PBXSourcesBuildPhase;
			buildActionMask = 2147483647;
			files = (
				4E4A04682A234CF900F6CD93 /* AmbienceTests.swift in Sources */,
			);
			runOnlyForDeploymentPostprocessing = 0;
		};
		4E4A04692A234CF900F6CD93 /* Sources */ = {
			isa = PBXSourcesBuildPhase;
			buildActionMask = 2147483647;
			files = (
				4E4A04742A234CF900F6CD93 /* AmbienceUITestsLaunchTests.swift in Sources */,
				4E4A04722A234CF900F6CD93 /* AmbienceUITests.swift in Sources */,
			);
			runOnlyForDeploymentPostprocessing = 0;
		};
/* End PBXSourcesBuildPhase section */

/* Begin PBXTargetDependency section */
		4E4A04652A234CF900F6CD93 /* PBXTargetDependency */ = {
			isa = PBXTargetDependency;
			target = 4E4A044C2A234CF700F6CD93 /* Ambience */;
			targetProxy = 4E4A04642A234CF900F6CD93 /* PBXContainerItemProxy */;
		};
		4E4A046F2A234CF900F6CD93 /* PBXTargetDependency */ = {
			isa = PBXTargetDependency;
			target = 4E4A044C2A234CF700F6CD93 /* Ambience */;
			targetProxy = 4E4A046E2A234CF900F6CD93 /* PBXContainerItemProxy */;
		};
/* End PBXTargetDependency section */

/* Begin PBXVariantGroup section */
		4E4A045B2A234CF900F6CD93 /* LaunchScreen.storyboard */ = {
			isa = PBXVariantGroup;
			children = (
				4E4A045C2A234CF900F6CD93 /* Base */,
			);
			name = LaunchScreen.storyboard;
			sourceTree = "<group>";
		};
/* End PBXVariantGroup section */

/* Begin XCBuildConfiguration section */
		4E4A04752A234CF900F6CD93 /* Debug */ = {
			isa = XCBuildConfiguration;
			buildSettings = {
				ALWAYS_SEARCH_USER_PATHS = NO;
				CLANG_ANALYZER_NONNULL = YES;
				CLANG_ANALYZER_NUMBER_OBJECT_CONVERSION = YES_AGGRESSIVE;
				CLANG_CXX_LANGUAGE_STANDARD = "gnu++20";
				CLANG_ENABLE_MODULES = YES;
				CLANG_ENABLE_OBJC_ARC = YES;
				CLANG_ENABLE_OBJC_WEAK = YES;
				CLANG_WARN_BLOCK_CAPTURE_AUTORELEASING = YES;
				CLANG_WARN_BOOL_CONVERSION = YES;
				CLANG_WARN_COMMA = YES;
				CLANG_WARN_CONSTANT_CONVERSION = YES;
				CLANG_WARN_DEPRECATED_OBJC_IMPLEMENTATIONS = YES;
				CLANG_WARN_DIRECT_OBJC_ISA_USAGE = YES_ERROR;
				CLANG_WARN_DOCUMENTATION_COMMENTS = YES;
				CLANG_WARN_EMPTY_BODY = YES;
				CLANG_WARN_ENUM_CONVERSION = YES;
				CLANG_WARN_INFINITE_RECURSION = YES;
				CLANG_WARN_INT_CONVERSION = YES;
				CLANG_WARN_NON_LITERAL_NULL_CONVERSION = YES;
				CLANG_WARN_OBJC_IMPLICIT_RETAIN_SELF = YES;
				CLANG_WARN_OBJC_LITERAL_CONVERSION = YES;
				CLANG_WARN_OBJC_ROOT_CLASS = YES_ERROR;
				CLANG_WARN_QUOTED_INCLUDE_IN_FRAMEWORK_HEADER = YES;
				CLANG_WARN_RANGE_LOOP_ANALYSIS = YES;
				CLANG_WARN_STRICT_PROTOTYPES = YES;
				CLANG_WARN_SUSPICIOUS_MOVE = YES;
				CLANG_WARN_UNGUARDED_AVAILABILITY = YES_AGGRESSIVE;
				CLANG_WARN_UNREACHABLE_CODE = YES;
				CLANG_WARN__DUPLICATE_METHOD_MATCH = YES;
				COPY_PHASE_STRIP = NO;
				DEBUG_INFORMATION_FORMAT = dwarf;
				ENABLE_STRICT_OBJC_MSGSEND = YES;
				ENABLE_TESTABILITY = YES;
				GCC_C_LANGUAGE_STANDARD = gnu11;
				GCC_DYNAMIC_NO_PIC = NO;
				GCC_NO_COMMON_BLOCKS = YES;
				GCC_OPTIMIZATION_LEVEL = 0;
				GCC_PREPROCESSOR_DEFINITIONS = (
					"DEBUG=1",
					"$(inherited)",
				);
				GCC_WARN_64_TO_32_BIT_CONVERSION = YES;
				GCC_WARN_ABOUT_RETURN_TYPE = YES_ERROR;
				GCC_WARN_UNDECLARED_SELECTOR = YES;
				GCC_WARN_UNINITIALIZED_AUTOS = YES_AGGRESSIVE;
				GCC_WARN_UNUSED_FUNCTION = YES;
				GCC_WARN_UNUSED_VARIABLE = YES;
				IPHONEOS_DEPLOYMENT_TARGET = 16.2;
				MTL_ENABLE_DEBUG_INFO = INCLUDE_SOURCE;
				MTL_FAST_MATH = YES;
				ONLY_ACTIVE_ARCH = YES;
				SDKROOT = iphoneos;
				SWIFT_ACTIVE_COMPILATION_CONDITIONS = DEBUG;
				SWIFT_OPTIMIZATION_LEVEL = "-Onone";
			};
			name = Debug;
		};
		4E4A04762A234CF900F6CD93 /* Release */ = {
			isa = XCBuildConfiguration;
			buildSettings = {
				ALWAYS_SEARCH_USER_PATHS = NO;
				CLANG_ANALYZER_NONNULL = YES;
				CLANG_ANALYZER_NUMBER_OBJECT_CONVERSION = YES_AGGRESSIVE;
				CLANG_CXX_LANGUAGE_STANDARD = "gnu++20";
				CLANG_ENABLE_MODULES = YES;
				CLANG_ENABLE_OBJC_ARC = YES;
				CLANG_ENABLE_OBJC_WEAK = YES;
				CLANG_WARN_BLOCK_CAPTURE_AUTORELEASING = YES;
				CLANG_WARN_BOOL_CONVERSION = YES;
				CLANG_WARN_COMMA = YES;
				CLANG_WARN_CONSTANT_CONVERSION = YES;
				CLANG_WARN_DEPRECATED_OBJC_IMPLEMENTATIONS = YES;
				CLANG_WARN_DIRECT_OBJC_ISA_USAGE = YES_ERROR;
				CLANG_WARN_DOCUMENTATION_COMMENTS = YES;
				CLANG_WARN_EMPTY_BODY = YES;
				CLANG_WARN_ENUM_CONVERSION = YES;
				CLANG_WARN_INFINITE_RECURSION = YES;
				CLANG_WARN_INT_CONVERSION = YES;
				CLANG_WARN_NON_LITERAL_NULL_CONVERSION = YES;
				CLANG_WARN_OBJC_IMPLICIT_RETAIN_SELF = YES;
				CLANG_WARN_OBJC_LITERAL_CONVERSION = YES;
				CLANG_WARN_OBJC_ROOT_CLASS = YES_ERROR;
				CLANG_WARN_QUOTED_INCLUDE_IN_FRAMEWORK_HEADER = YES;
				CLANG_WARN_RANGE_LOOP_ANALYSIS = YES;
				CLANG_WARN_STRICT_PROTOTYPES = YES;
				CLANG_WARN_SUSPICIOUS_MOVE = YES;
				CLANG_WARN_UNGUARDED_AVAILABILITY = YES_AGGRESSIVE;
				CLANG_WARN_UNREACHABLE_CODE = YES;
				CLANG_WARN__DUPLICATE_METHOD_MATCH = YES;
				COPY_PHASE_STRIP = NO;
				DEBUG_INFORMATION_FORMAT = "dwarf-with-dsym";
				ENABLE_NS_ASSERTIONS = NO;
				ENABLE_STRICT_OBJC_MSGSEND = YES;
				GCC_C_LANGUAGE_STANDARD = gnu11;
				GCC_NO_COMMON_BLOCKS = YES;
				GCC_WARN_64_TO_32_BIT_CONVERSION = YES;
				GCC_WARN_ABOUT_RETURN_TYPE = YES_ERROR;
				GCC_WARN_UNDECLARED_SELECTOR = YES;
				GCC_WARN_UNINITIALIZED_AUTOS = YES_AGGRESSIVE;
				GCC_WARN_UNUSED_FUNCTION = YES;
				GCC_WARN_UNUSED_VARIABLE = YES;
				IPHONEOS_DEPLOYMENT_TARGET = 16.2;
				MTL_ENABLE_DEBUG_INFO = NO;
				MTL_FAST_MATH = YES;
				SDKROOT = iphoneos;
				SWIFT_COMPILATION_MODE = wholemodule;
				SWIFT_OPTIMIZATION_LEVEL = "-O";
				VALIDATE_PRODUCT = YES;
			};
			name = Release;
		};
		4E4A04782A234CF900F6CD93 /* Debug */ = {
			isa = XCBuildConfiguration;
			buildSettings = {
				ASSETCATALOG_COMPILER_APPICON_NAME = AppIcon;
				ASSETCATALOG_COMPILER_GLOBAL_ACCENT_COLOR_NAME = AccentColor;
				CODE_SIGN_STYLE = Automatic;
				CURRENT_PROJECT_VERSION = 1;
				DEVELOPMENT_TEAM = 5PVHGUKPAW;
				GENERATE_INFOPLIST_FILE = YES;
				INFOPLIST_FILE = Ambience/Info.plist;
				INFOPLIST_KEY_UIApplicationSupportsIndirectInputEvents = YES;
				INFOPLIST_KEY_UILaunchStoryboardName = LaunchScreen;
				INFOPLIST_KEY_UISupportedInterfaceOrientations = UIInterfaceOrientationPortrait;
				INFOPLIST_KEY_UISupportedInterfaceOrientations_iPad = "UIInterfaceOrientationLandscapeLeft UIInterfaceOrientationLandscapeRight UIInterfaceOrientationPortrait UIInterfaceOrientationPortraitUpsideDown";
				IPHONEOS_DEPLOYMENT_TARGET = 16.0;
				LD_RUNPATH_SEARCH_PATHS = (
					"$(inherited)",
					"@executable_path/Frameworks",
				);
				MARKETING_VERSION = 4.0;
				PRODUCT_BUNDLE_IDENTIFIER = com.CodingKovs.Ambience;
				PRODUCT_NAME = "$(TARGET_NAME)";
				SUPPORTED_PLATFORMS = "iphoneos iphonesimulator";
				SUPPORTS_MACCATALYST = NO;
				SUPPORTS_MAC_DESIGNED_FOR_IPHONE_IPAD = NO;
				SWIFT_EMIT_LOC_STRINGS = YES;
				SWIFT_VERSION = 5.0;
				TARGETED_DEVICE_FAMILY = 1;
			};
			name = Debug;
		};
		4E4A04792A234CF900F6CD93 /* Release */ = {
			isa = XCBuildConfiguration;
			buildSettings = {
				ASSETCATALOG_COMPILER_APPICON_NAME = AppIcon;
				ASSETCATALOG_COMPILER_GLOBAL_ACCENT_COLOR_NAME = AccentColor;
				CODE_SIGN_STYLE = Automatic;
				CURRENT_PROJECT_VERSION = 1;
				DEVELOPMENT_TEAM = 5PVHGUKPAW;
				GENERATE_INFOPLIST_FILE = YES;
				INFOPLIST_FILE = Ambience/Info.plist;
				INFOPLIST_KEY_UIApplicationSupportsIndirectInputEvents = YES;
				INFOPLIST_KEY_UILaunchStoryboardName = LaunchScreen;
				INFOPLIST_KEY_UISupportedInterfaceOrientations = UIInterfaceOrientationPortrait;
				INFOPLIST_KEY_UISupportedInterfaceOrientations_iPad = "UIInterfaceOrientationLandscapeLeft UIInterfaceOrientationLandscapeRight UIInterfaceOrientationPortrait UIInterfaceOrientationPortraitUpsideDown";
				IPHONEOS_DEPLOYMENT_TARGET = 16.0;
				LD_RUNPATH_SEARCH_PATHS = (
					"$(inherited)",
					"@executable_path/Frameworks",
				);
				MARKETING_VERSION = 4.0;
				PRODUCT_BUNDLE_IDENTIFIER = com.CodingKovs.Ambience;
				PRODUCT_NAME = "$(TARGET_NAME)";
				SUPPORTED_PLATFORMS = "iphoneos iphonesimulator";
				SUPPORTS_MACCATALYST = NO;
				SUPPORTS_MAC_DESIGNED_FOR_IPHONE_IPAD = NO;
				SWIFT_EMIT_LOC_STRINGS = YES;
				SWIFT_VERSION = 5.0;
				TARGETED_DEVICE_FAMILY = 1;
			};
			name = Release;
		};
		4E4A047B2A234CF900F6CD93 /* Debug */ = {
			isa = XCBuildConfiguration;
			buildSettings = {
				ALWAYS_EMBED_SWIFT_STANDARD_LIBRARIES = YES;
				BUNDLE_LOADER = "$(TEST_HOST)";
				CODE_SIGN_STYLE = Automatic;
				CURRENT_PROJECT_VERSION = 1;
				DEVELOPMENT_TEAM = 5PVHGUKPAW;
				GENERATE_INFOPLIST_FILE = YES;
				IPHONEOS_DEPLOYMENT_TARGET = 16.2;
				MARKETING_VERSION = 1.0;
				PRODUCT_BUNDLE_IDENTIFIER = com.CodingKovs.AmbienceTests;
				PRODUCT_NAME = "$(TARGET_NAME)";
				SWIFT_EMIT_LOC_STRINGS = NO;
				SWIFT_VERSION = 5.0;
				TARGETED_DEVICE_FAMILY = "1,2";
				TEST_HOST = "$(BUILT_PRODUCTS_DIR)/Ambience.app/$(BUNDLE_EXECUTABLE_FOLDER_PATH)/Ambience";
			};
			name = Debug;
		};
		4E4A047C2A234CF900F6CD93 /* Release */ = {
			isa = XCBuildConfiguration;
			buildSettings = {
				ALWAYS_EMBED_SWIFT_STANDARD_LIBRARIES = YES;
				BUNDLE_LOADER = "$(TEST_HOST)";
				CODE_SIGN_STYLE = Automatic;
				CURRENT_PROJECT_VERSION = 1;
				DEVELOPMENT_TEAM = 5PVHGUKPAW;
				GENERATE_INFOPLIST_FILE = YES;
				IPHONEOS_DEPLOYMENT_TARGET = 16.2;
				MARKETING_VERSION = 1.0;
				PRODUCT_BUNDLE_IDENTIFIER = com.CodingKovs.AmbienceTests;
				PRODUCT_NAME = "$(TARGET_NAME)";
				SWIFT_EMIT_LOC_STRINGS = NO;
				SWIFT_VERSION = 5.0;
				TARGETED_DEVICE_FAMILY = "1,2";
				TEST_HOST = "$(BUILT_PRODUCTS_DIR)/Ambience.app/$(BUNDLE_EXECUTABLE_FOLDER_PATH)/Ambience";
			};
			name = Release;
		};
		4E4A047E2A234CF900F6CD93 /* Debug */ = {
			isa = XCBuildConfiguration;
			buildSettings = {
				ALWAYS_EMBED_SWIFT_STANDARD_LIBRARIES = YES;
				CODE_SIGN_STYLE = Automatic;
				CURRENT_PROJECT_VERSION = 1;
				DEVELOPMENT_TEAM = 5PVHGUKPAW;
				GENERATE_INFOPLIST_FILE = YES;
				MARKETING_VERSION = 1.0;
				PRODUCT_BUNDLE_IDENTIFIER = com.CodingKovs.AmbienceUITests;
				PRODUCT_NAME = "$(TARGET_NAME)";
				SWIFT_EMIT_LOC_STRINGS = NO;
				SWIFT_VERSION = 5.0;
				TARGETED_DEVICE_FAMILY = "1,2";
				TEST_TARGET_NAME = Ambience;
			};
			name = Debug;
		};
		4E4A047F2A234CF900F6CD93 /* Release */ = {
			isa = XCBuildConfiguration;
			buildSettings = {
				ALWAYS_EMBED_SWIFT_STANDARD_LIBRARIES = YES;
				CODE_SIGN_STYLE = Automatic;
				CURRENT_PROJECT_VERSION = 1;
				DEVELOPMENT_TEAM = 5PVHGUKPAW;
				GENERATE_INFOPLIST_FILE = YES;
				MARKETING_VERSION = 1.0;
				PRODUCT_BUNDLE_IDENTIFIER = com.CodingKovs.AmbienceUITests;
				PRODUCT_NAME = "$(TARGET_NAME)";
				SWIFT_EMIT_LOC_STRINGS = NO;
				SWIFT_VERSION = 5.0;
				TARGETED_DEVICE_FAMILY = "1,2";
				TEST_TARGET_NAME = Ambience;
			};
			name = Release;
		};
/* End XCBuildConfiguration section */

/* Begin XCConfigurationList section */
		4E4A04482A234CF700F6CD93 /* Build configuration list for PBXProject "Ambience" */ = {
			isa = XCConfigurationList;
			buildConfigurations = (
				4E4A04752A234CF900F6CD93 /* Debug */,
				4E4A04762A234CF900F6CD93 /* Release */,
			);
			defaultConfigurationIsVisible = 0;
			defaultConfigurationName = Release;
		};
		4E4A04772A234CF900F6CD93 /* Build configuration list for PBXNativeTarget "Ambience" */ = {
			isa = XCConfigurationList;
			buildConfigurations = (
				4E4A04782A234CF900F6CD93 /* Debug */,
				4E4A04792A234CF900F6CD93 /* Release */,
			);
			defaultConfigurationIsVisible = 0;
			defaultConfigurationName = Release;
		};
		4E4A047A2A234CF900F6CD93 /* Build configuration list for PBXNativeTarget "AmbienceTests" */ = {
			isa = XCConfigurationList;
			buildConfigurations = (
				4E4A047B2A234CF900F6CD93 /* Debug */,
				4E4A047C2A234CF900F6CD93 /* Release */,
			);
			defaultConfigurationIsVisible = 0;
			defaultConfigurationName = Release;
		};
		4E4A047D2A234CF900F6CD93 /* Build configuration list for PBXNativeTarget "AmbienceUITests" */ = {
			isa = XCConfigurationList;
			buildConfigurations = (
				4E4A047E2A234CF900F6CD93 /* Debug */,
				4E4A047F2A234CF900F6CD93 /* Release */,
			);
			defaultConfigurationIsVisible = 0;
			defaultConfigurationName = Release;
		};
/* End XCConfigurationList section */

/* Begin XCRemoteSwiftPackageReference section */
		4E1860F12A23E0C600C8D215 /* XCRemoteSwiftPackageReference "SnapKit" */ = {
			isa = XCRemoteSwiftPackageReference;
			repositoryURL = "https://github.com/SnapKit/SnapKit";
			requirement = {
				kind = upToNextMajorVersion;
				minimumVersion = 5.0.0;
			};
		};
		4E68C3542A35176B00704A3F /* XCRemoteSwiftPackageReference "unsplash-photopicker-ios" */ = {
			isa = XCRemoteSwiftPackageReference;
			repositoryURL = "https://github.com/unsplash/unsplash-photopicker-ios";
			requirement = {
				kind = upToNextMajorVersion;
				minimumVersion = 1.0.0;
			};
		};
		E5055E752AA385FA00651504 /* XCRemoteSwiftPackageReference "WhatsNewPack" */ = {
			isa = XCRemoteSwiftPackageReference;
			repositoryURL = "https://github.com/kovs705/WhatsNewPack.git";
			requirement = {
				branch = main;
				kind = branch;
			};
		};
/* End XCRemoteSwiftPackageReference section */

/* Begin XCSwiftPackageProductDependency section */
		4E1860F22A23E0C600C8D215 /* SnapKit */ = {
			isa = XCSwiftPackageProductDependency;
			package = 4E1860F12A23E0C600C8D215 /* XCRemoteSwiftPackageReference "SnapKit" */;
			productName = SnapKit;
		};
		4E68C3552A35176B00704A3F /* UnsplashPhotoPicker */ = {
			isa = XCSwiftPackageProductDependency;
			package = 4E68C3542A35176B00704A3F /* XCRemoteSwiftPackageReference "unsplash-photopicker-ios" */;
			productName = UnsplashPhotoPicker;
		};
		E5055E762AA385FA00651504 /* WhatsNewPack */ = {
			isa = XCSwiftPackageProductDependency;
			package = E5055E752AA385FA00651504 /* XCRemoteSwiftPackageReference "WhatsNewPack" */;
			productName = WhatsNewPack;
		};
/* End XCSwiftPackageProductDependency section */
	};
	rootObject = 4E4A04452A234CF700F6CD93 /* Project object */;
}
